
Microsoft Visual Studio Solution File, Format Version 12.00
# Visual Studio Version 16
VisualStudioVersion = 16.0.28803.352
MinimumVisualStudioVersion = 10.0.40219.1
Project("{8BC9CEB8-8B4A-11D0-8D11-00A0C91BC942}") = "lcms2", "lcms\lcms2.vcxproj", "{71DEDE59-3F1E-486B-A899-4283000F76B5}"
EndProject
Project("{8BC9CEB8-8B4A-11D0-8D11-00A0C91BC942}") = "turbojpeg", "libjpeg-turbo\turbojpeg.vcxproj", "{C1CF3963-9676-3C8C-B6E5-637133DF2FEE}"
EndProject
Project("{8BC9CEB8-8B4A-11D0-8D11-00A0C91BC942}") = "openjp2", "openjp2\openjp2.vcxproj", "{09A8BDE1-0234-3C14-8676-D4CC9A52CEC2}"
EndProject
Project("{8BC9CEB8-8B4A-11D0-8D11-00A0C91BC942}") = "PeaPdfNative", "PeaPdfNative\PeaPdfNative.vcxproj", "{193BF34A-BB21-4253-B744-DC1C1037A03E}"
EndProject
Project("{9A19103F-16F7-4668-BE54-9A1E7A4F7556}") = "PeaPdf", "PeaPdf\PeaPdf.csproj", "{F21D57C6-A301-43FB-B748-05FBDC602089}"
EndProject
Global
	GlobalSection(SolutionConfigurationPlatforms) = preSolution
		Debug|Any CPU = Debug|Any CPU
		Debug|x64 = Debug|x64
		Debug|x86 = Debug|x86
		Release|Any CPU = Release|Any CPU
		Release|x64 = Release|x64
		Release|x86 = Release|x86
	EndGlobalSection
	GlobalSection(ProjectConfigurationPlatforms) = postSolution
		{71DEDE59-3F1E-486B-A899-4283000F76B5}.Debug|Any CPU.ActiveCfg = Debug|Win32
		{71DEDE59-3F1E-486B-A899-4283000F76B5}.Debug|x64.ActiveCfg = Debug|x64
		{71DEDE59-3F1E-486B-A899-4283000F76B5}.Debug|x64.Build.0 = Debug|x64
		{71DEDE59-3F1E-486B-A899-4283000F76B5}.Debug|x86.ActiveCfg = Debug|Win32
		{71DEDE59-3F1E-486B-A899-4283000F76B5}.Debug|x86.Build.0 = Debug|Win32
		{71DEDE59-3F1E-486B-A899-4283000F76B5}.Release|Any CPU.ActiveCfg = Release|Win32
		{71DEDE59-3F1E-486B-A899-4283000F76B5}.Release|x64.ActiveCfg = Release|x64
		{71DEDE59-3F1E-486B-A899-4283000F76B5}.Release|x64.Build.0 = Release|x64
		{71DEDE59-3F1E-486B-A899-4283000F76B5}.Release|x86.ActiveCfg = Release|Win32
		{71DEDE59-3F1E-486B-A899-4283000F76B5}.Release|x86.Build.0 = Release|Win32
		{C1CF3963-9676-3C8C-B6E5-637133DF2FEE}.Debug|Any CPU.ActiveCfg = Debug|Win32
		{C1CF3963-9676-3C8C-B6E5-637133DF2FEE}.Debug|x64.ActiveCfg = Debug|x64
		{C1CF3963-9676-3C8C-B6E5-637133DF2FEE}.Debug|x64.Build.0 = Debug|x64
		{C1CF3963-9676-3C8C-B6E5-637133DF2FEE}.Debug|x86.ActiveCfg = Debug|Win32
		{C1CF3963-9676-3C8C-B6E5-637133DF2FEE}.Debug|x86.Build.0 = Debug|Win32
		{C1CF3963-9676-3C8C-B6E5-637133DF2FEE}.Release|Any CPU.ActiveCfg = Release|Win32
		{C1CF3963-9676-3C8C-B6E5-637133DF2FEE}.Release|x64.ActiveCfg = Release|x64
		{C1CF3963-9676-3C8C-B6E5-637133DF2FEE}.Release|x64.Build.0 = Release|x64
		{C1CF3963-9676-3C8C-B6E5-637133DF2FEE}.Release|x86.ActiveCfg = Release|Win32
		{C1CF3963-9676-3C8C-B6E5-637133DF2FEE}.Release|x86.Build.0 = Release|Win32
		{09A8BDE1-0234-3C14-8676-D4CC9A52CEC2}.Debug|Any CPU.ActiveCfg = Debug|Win32
		{09A8BDE1-0234-3C14-8676-D4CC9A52CEC2}.Debug|x64.ActiveCfg = Debug|x64
		{09A8BDE1-0234-3C14-8676-D4CC9A52CEC2}.Debug|x64.Build.0 = Debug|x64
		{09A8BDE1-0234-3C14-8676-D4CC9A52CEC2}.Debug|x86.ActiveCfg = Debug|Win32
		{09A8BDE1-0234-3C14-8676-D4CC9A52CEC2}.Debug|x86.Build.0 = Debug|Win32
		{09A8BDE1-0234-3C14-8676-D4CC9A52CEC2}.Release|Any CPU.ActiveCfg = Release|Win32
		{09A8BDE1-0234-3C14-8676-D4CC9A52CEC2}.Release|x64.ActiveCfg = Release|x64
		{09A8BDE1-0234-3C14-8676-D4CC9A52CEC2}.Release|x64.Build.0 = Release|x64
		{09A8BDE1-0234-3C14-8676-D4CC9A52CEC2}.Release|x86.ActiveCfg = Release|Win32
		{09A8BDE1-0234-3C14-8676-D4CC9A52CEC2}.Release|x86.Build.0 = Release|Win32
		{193BF34A-BB21-4253-B744-DC1C1037A03E}.Debug|Any CPU.ActiveCfg = Debug|Win32
		{193BF34A-BB21-4253-B744-DC1C1037A03E}.Debug|x64.ActiveCfg = Debug|x64
		{193BF34A-BB21-4253-B744-DC1C1037A03E}.Debug|x64.Build.0 = Debug|x64
		{193BF34A-BB21-4253-B744-DC1C1037A03E}.Debug|x86.ActiveCfg = Debug|Win32
		{193BF34A-BB21-4253-B744-DC1C1037A03E}.Debug|x86.Build.0 = Debug|Win32
		{193BF34A-BB21-4253-B744-DC1C1037A03E}.Release|Any CPU.ActiveCfg = Release|Win32
		{193BF34A-BB21-4253-B744-DC1C1037A03E}.Release|x64.ActiveCfg = Release|x64
		{193BF34A-BB21-4253-B744-DC1C1037A03E}.Release|x64.Build.0 = Release|x64
		{193BF34A-BB21-4253-B744-DC1C1037A03E}.Release|x86.ActiveCfg = Release|Win32
		{193BF34A-BB21-4253-B744-DC1C1037A03E}.Release|x86.Build.0 = Release|Win32
		{F21D57C6-A301-43FB-B748-05FBDC602089}.Debug|Any CPU.ActiveCfg = Debug|Any CPU
		{F21D57C6-A301-43FB-B748-05FBDC602089}.Debug|Any CPU.Build.0 = Debug|Any CPU
		{F21D57C6-A301-43FB-B748-05FBDC602089}.Debug|x64.ActiveCfg = Debug|x64
		{F21D57C6-A301-43FB-B748-05FBDC602089}.Debug|x64.Build.0 = Debug|x64
		{F21D57C6-A301-43FB-B748-05FBDC602089}.Debug|x86.ActiveCfg = Debug|x86
		{F21D57C6-A301-43FB-B748-05FBDC602089}.Debug|x86.Build.0 = Debug|x86
		{F21D57C6-A301-43FB-B748-05FBDC602089}.Release|Any CPU.ActiveCfg = Release|Any CPU
		{F21D57C6-A301-43FB-B748-05FBDC602089}.Release|Any CPU.Build.0 = Release|Any CPU
		{F21D57C6-A301-43FB-B748-05FBDC602089}.Release|x64.ActiveCfg = Release|x64
		{F21D57C6-A301-43FB-B748-05FBDC602089}.Release|x64.Build.0 = Release|x64
		{F21D57C6-A301-43FB-B748-05FBDC602089}.Release|x86.ActiveCfg = Release|x86
		{F21D57C6-A301-43FB-B748-05FBDC602089}.Release|x86.Build.0 = Release|x86
	EndGlobalSection
	GlobalSection(SolutionProperties) = preSolution
		HideSolutionNode = FALSE
	EndGlobalSection
	GlobalSection(ExtensibilityGlobals) = postSolution
		SolutionGuid = {456DCB64-1F3E-4B79-9950-E3514215F042}
	EndGlobalSection
EndGlobal
